
Microsoft Visual Studio Solution File, Format Version 12.00
# Visual Studio 2013
VisualStudioVersion = 12.0.30723.0
MinimumVisualStudioVersion = 10.0.40219.1
Project("{FAE04EC0-301F-11D3-BF4B-00C04F79EFBC}") = "Core", "Core\Core.csproj", "{DB1AC6EA-37E7-46C8-829A-9B383D27176F}"
EndProject
Project("{FAE04EC0-301F-11D3-BF4B-00C04F79EFBC}") = "Web", "Web\Web.csproj", "{F9F0E28D-39DC-4209-A18D-AA894F0D047D}"
EndProject
Project("{FAE04EC0-301F-11D3-BF4B-00C04F79EFBC}") = "UnitTests", "UnitTests\UnitTests.csproj", "{D4E6EA4D-FB5B-4229-92C1-FAB5B2044C54}"
EndProject
Global
	GlobalSection(SolutionConfigurationPlatforms) = preSolution
		Debug|Any CPU = Debug|Any CPU
		Release|Any CPU = Release|Any CPU
	EndGlobalSection
	GlobalSection(ProjectConfigurationPlatforms) = postSolution
		{DB1AC6EA-37E7-46C8-829A-9B383D27176F}.Debug|Any CPU.ActiveCfg = Debug|Any CPU
		{DB1AC6EA-37E7-46C8-829A-9B383D27176F}.Debug|Any CPU.Build.0 = Debug|Any CPU
		{DB1AC6EA-37E7-46C8-829A-9B383D27176F}.Release|Any CPU.ActiveCfg = Release|Any CPU
		{DB1AC6EA-37E7-46C8-829A-9B383D27176F}.Release|Any CPU.Build.0 = Release|Any CPU
		{F9F0E28D-39DC-4209-A18D-AA894F0D047D}.Debug|Any CPU.ActiveCfg = Debug|Any CPU
		{F9F0E28D-39DC-4209-A18D-AA894F0D047D}.Debug|Any CPU.Build.0 = Debug|Any CPU
		{F9F0E28D-39DC-4209-A18D-AA894F0D047D}.Release|Any CPU.ActiveCfg = Release|Any CPU
		{F9F0E28D-39DC-4209-A18D-AA894F0D047D}.Release|Any CPU.Build.0 = Release|Any CPU
		{D4E6EA4D-FB5B-4229-92C1-FAB5B2044C54}.Debug|Any CPU.ActiveCfg = Debug|Any CPU
		{D4E6EA4D-FB5B-4229-92C1-FAB5B2044C54}.Debug|Any CPU.Build.0 = Debug|Any CPU
		{D4E6EA4D-FB5B-4229-92C1-FAB5B2044C54}.Release|Any CPU.ActiveCfg = Release|Any CPU
		{D4E6EA4D-FB5B-4229-92C1-FAB5B2044C54}.Release|Any CPU.Build.0 = Release|Any CPU
	EndGlobalSection
	GlobalSection(SolutionProperties) = preSolution
		HideSolutionNode = FALSE
	EndGlobalSection
EndGlobal
